// !$*UTF8*$!
{
	archiveVersion = 1;
	classes = {
	};
	objectVersion = 77;
	objects = {

/* Begin PBXBuildFile section */
		FB09C5B42E73B38900C99DF0 /* Assets.xcassets in Resources */ = {isa = PBXBuildFile; fileRef = FB09C5A42E73B38900C99DF0 /* Assets.xcassets */; };
		FB09C5B62E73B38900C99DF0 /* ContentView.swift in Sources */ = {isa = PBXBuildFile; fileRef = FB09C5A62E73B38900C99DF0 /* ContentView.swift */; };
		FB09C5B72E73B38900C99DF0 /* AppfinancierafuncionalApp.swift in Sources */ = {isa = PBXBuildFile; fileRef = FB09C5A72E73B38900C99DF0 /* AppfinancierafuncionalApp.swift */; };
		FB09C5B82E73B38900C99DF0 /* Persistence.swift in Sources */ = {isa = PBXBuildFile; fileRef = FB09C5A82E73B38900C99DF0 /* Persistence.swift */; };
		FB09C5BA2E73B38900C99DF0 /* DashboardView.swift in Sources */ = {isa = PBXBuildFile; fileRef = FB09C5AAE73B38900C99DF0 /* DashboardView.swift */; };
		FB09C5BB2E73B38900C99DF0 /* IncomeView.swift in Sources */ = {isa = PBXBuildFile; fileRef = FB09C5ABE73B38900C99DF0 /* IncomeView.swift */; };
		FB09C5BC2E73B38900C99DF0 /* ExpensesView.swift in Sources */ = {isa = PBXBuildFile; fileRef = FB09C5ACE73B38900C99DF0 /* ExpensesView.swift */; };
		FB09C5BD2E73B38900C99DF0 /* DeductionsView.swift in Sources */ = {isa = PBXBuildFile; fileRef = FB09C5ADE73B38900C99DF0 /* DeductionsView.swift */; };
		FB09C5BE2E73B38900C99DF0 /* ReportsView.swift in Sources */ = {isa = PBXBuildFile; fileRef = FB09C5AEE73B38900C99DF0 /* ReportsView.swift */; };
		FB09C5BF2E73B38900C99DF0 /* Income.swift in Sources */ = {isa = PBXBuildFile; fileRef = FB09C5AFE73B38900C99DF0 /* Income.swift */; };
		FB09C5C02E73B38900C99DF0 /* Expense.swift in Sources */ = {isa = PBXBuildFile; fileRef = FB09C5B0E73B38900C99DF0 /* Expense.swift */; };
		FB09C5C12E73B38900C99DF0 /* Deduction.swift in Sources */ = {isa = PBXBuildFile; fileRef = FB09C5B1E73B38900C99DF0 /* Deduction.swift */; };
		FB09C5C22E73B38900C99DF0 /* ExpenseCategory.swift in Sources */ = {isa = PBXBuildFile; fileRef = FB09C5B2E73B38900C99DF0 /* ExpenseCategory.swift */; };
		FB09C5C32E73B38900C99DF0 /* FinancialPeriod.swift in Sources */ = {isa = PBXBuildFile; fileRef = FB09C5B3E73B38900C99DF0 /* FinancialPeriod.swift */; };
		FB09C5C42E73B38900C99DF0 /* TaxCalculation.swift in Sources */ = {isa = PBXBuildFile; fileRef = FB09C5B4E73B38900C99DF0 /* TaxCalculation.swift */; };
		FB09C5C52E73B38900C99DF0 /* DashboardViewModel.swift in Sources */ = {isa = PBXBuildFile; fileRef = FB09C5B5E73B38900C99DF0 /* DashboardViewModel.swift */; };
		FB09C5C62E73B38900C99DF0 /* IncomeViewModel.swift in Sources */ = {isa = PBXBuildFile; fileRef = FB09C5B6E73B38900C99DF0 /* IncomeViewModel.swift */; };
		FB09C5C72E73B38900C99DF0 /* ExpensesViewModel.swift in Sources */ = {isa = PBXBuildFile; fileRef = FB09C5B7E73B38900C99DF0 /* ExpensesViewModel.swift */; };
		FB09C5C82E73B38900C99DF0 /* DeductionsViewModel.swift in Sources */ = {isa = PBXBuildFile; fileRef = FB09C5B8E73B38900C99DF0 /* DeductionsViewModel.swift */; };
		FB09C5C92E73B38900C99DF0 /* ReportsViewModel.swift in Sources */ = {isa = PBXBuildFile; fileRef = FB09C5B9E73B38900C99DF0 /* ReportsViewModel.swift */; };
		FB09C5CA2E73B38900C99DF0 /* APIClient.swift in Sources */ = {isa = PBXBuildFile; fileRef = FB09C5BAE73B38900C99DF0 /* APIClient.swift */; };
		FB09C5CC2E73B38900C99DF0 /* DesignSystem.swift in Sources */ = {isa = PBXBuildFile; fileRef = FB09C5BCE73B38900C99DF0 /* DesignSystem.swift */; };
		FB09C5CD2E73B38900C99DF0 /* DateExtensions.swift in Sources */ = {isa = PBXBuildFile; fileRef = FB09C5BDE73B38900C99DF0 /* DateExtensions.swift */; };
/* End PBXBuildFile section */

/* Begin PBXFileReference section */
		FB09C5A12E73B38700C99DF0 /* Appfinancierafuncional.app */ = {isa = PBXFileReference; explicitFileType = wrapper.application; includeInIndex = 0; path = Appfinancierafuncional.app; sourceTree = BUILT_PRODUCTS_DIR; };
		FB09C5A42E73B38900C99DF0 /* Assets.xcassets */ = {isa = PBXFileReference; lastKnownFileType = folder.assetcatalog; path = Assets.xcassets; sourceTree = "<group>"; };
		FB09C5A62E73B38900C99DF0 /* ContentView.swift */ = {isa = PBXFileReference; lastKnownFileType = sourcecode.swift; path = ContentView.swift; sourceTree = "<group>"; };
		FB09C5A72E73B38900C99DF0 /* AppfinancierafuncionalApp.swift */ = {isa = PBXFileReference; lastKnownFileType = sourcecode.swift; path = AppfinancierafuncionalApp.swift; sourceTree = "<group>"; };
		FB09C5A82E73B38900C99DF0 /* Persistence.swift */ = {isa = PBXFileReference; lastKnownFileType = sourcecode.swift; path = Persistence.swift; sourceTree = "<group>"; };
		FB09C5A92E73B38900C99DF0 /* Info.plist */ = {isa = PBXFileReference; lastKnownFileType = text.plist.xml; path = Info.plist; sourceTree = "<group>"; };
		FB09C5AAE73B38900C99DF0 /* DashboardView.swift */ = {isa = PBXFileReference; lastKnownFileType = sourcecode.swift; path = Views/Main/DashboardView.swift; sourceTree = "<group>"; };
		FB09C5ABE73B38900C99DF0 /* IncomeView.swift */ = {isa = PBXFileReference; lastKnownFileType = sourcecode.swift; path = Views/Income/IncomeView.swift; sourceTree = "<group>"; };
		FB09C5ACE73B38900C99DF0 /* ExpensesView.swift */ = {isa = PBXFileReference; lastKnownFileType = sourcecode.swift; path = Views/Expenses/ExpensesView.swift; sourceTree = "<group>"; };
		FB09C5ADE73B38900C99DF0 /* DeductionsView.swift */ = {isa = PBXFileReference; lastKnownFileType = sourcecode.swift; path = Views/Deductions/DeductionsView.swift; sourceTree = "<group>"; };
		FB09C5AEE73B38900C99DF0 /* ReportsView.swift */ = {isa = PBXFileReference; lastKnownFileType = sourcecode.swift; path = Views/Reports/ReportsView.swift; sourceTree = "<group>"; };
		FB09C5AFE73B38900C99DF0 /* Income.swift */ = {isa = PBXFileReference; lastKnownFileType = sourcecode.swift; path = Models/Income.swift; sourceTree = "<group>"; };
		FB09C5B0E73B38900C99DF0 /* Expense.swift */ = {isa = PBXFileReference; lastKnownFileType = sourcecode.swift; path = Models/Expense.swift; sourceTree = "<group>"; };
		FB09C5B1E73B38900C99DF0 /* Deduction.swift */ = {isa = PBXFileReference; lastKnownFileType = sourcecode.swift; path = Models/Deduction.swift; sourceTree = "<group>"; };
		FB09C5B2E73B38900C99DF0 /* ExpenseCategory.swift */ = {isa = PBXFileReference; lastKnownFileType = sourcecode.swift; path = Models/ExpenseCategory.swift; sourceTree = "<group>"; };
		FB09C5B3E73B38900C99DF0 /* FinancialPeriod.swift */ = {isa = PBXFileReference; lastKnownFileType = sourcecode.swift; path = Models/FinancialPeriod.swift; sourceTree = "<group>"; };
		FB09C5B4E73B38900C99DF0 /* TaxCalculation.swift */ = {isa = PBXFileReference; lastKnownFileType = sourcecode.swift; path = Models/TaxCalculation.swift; sourceTree = "<group>"; };
		FB09C5B5E73B38900C99DF0 /* DashboardViewModel.swift */ = {isa = PBXFileReference; lastKnownFileType = sourcecode.swift; path = ViewModels/DashboardViewModel.swift; sourceTree = "<group>"; };
		FB09C5B6E73B38900C99DF0 /* IncomeViewModel.swift */ = {isa = PBXFileReference; lastKnownFileType = sourcecode.swift; path = ViewModels/IncomeViewModel.swift; sourceTree = "<group>"; };
		FB09C5B7E73B38900C99DF0 /* ExpensesViewModel.swift */ = {isa = PBXFileReference; lastKnownFileType = sourcecode.swift; path = ViewModels/ExpensesViewModel.swift; sourceTree = "<group>"; };
		FB09C5B8E73B38900C99DF0 /* DeductionsViewModel.swift */ = {isa = PBXFileReference; lastKnownFileType = sourcecode.swift; path = ViewModels/DeductionsViewModel.swift; sourceTree = "<group>"; };
		FB09C5B9E73B38900C99DF0 /* ReportsViewModel.swift */ = {isa = PBXFileReference; lastKnownFileType = sourcecode.swift; path = ViewModels/ReportsViewModel.swift; sourceTree = "<group>"; };
		FB09C5BAE73B38900C99DF0 /* APIClient.swift */ = {isa = PBXFileReference; lastKnownFileType = sourcecode.swift; path = Networking/APIClient.swift; sourceTree = "<group>"; };
		FB09C5BCE73B38900C99DF0 /* DesignSystem.swift */ = {isa = PBXFileReference; lastKnownFileType = sourcecode.swift; path = Utils/DesignSystem.swift; sourceTree = "<group>"; };
		FB09C5BDE73B38900C99DF0 /* DateExtensions.swift */ = {isa = PBXFileReference; lastKnownFileType = sourcecode.swift; path = Utils/DateExtensions.swift; sourceTree = "<group>"; };
/* End PBXFileReference section */

/* Begin PBXFrameworksBuildPhase section */
		FB09C59E2E73B38700C99DF0 /* Frameworks */ = {
			isa = PBXFrameworksBuildPhase;
			buildActionMask = 2147483647;
			files = (
			);
			runOnlyForDeploymentPostprocessing = 0;
		};
/* End PBXFrameworksBuildPhase section */

/* Begin PBXGroup section */
		FB09C5982E73B38700C99DF0 = {
			isa = PBXGroup;
			children = (
				FB09C5A32E73B38700C99DF0 /* Appfinancierafuncional */,
				FB09C5A22E73B38700C99DF0 /* Products */,
			);
			sourceTree = "<group>";
		};
		FB09C5A22E73B38700C99DF0 /* Products */ = {
			isa = PBXGroup;
			children = (
				FB09C5A12E73B38700C99DF0 /* Appfinancierafuncional.app */,
			);
			name = Products;
			sourceTree = "<group>";
		};
		FB09C5A32E73B38700C99DF0 /* Appfinancierafuncional */ = {
			isa = PBXGroup;
			children = (
				FB09C5A72E73B38900C99DF0 /* AppfinancierafuncionalApp.swift */,
				FB09C5A62E73B38900C99DF0 /* ContentView.swift */,
				FB09C5A92E73B38900C99DF0 /* Info.plist */,
				FB09C5A82E73B38900C99DF0 /* Persistence.swift */,
				FB09C5A42E73B38900C99DF0 /* Assets.xcassets */,
				FB09C5AAE73B38900C99DF0 /* DashboardView.swift */,
				FB09C5ABE73B38900C99DF0 /* IncomeView.swift */,
				FB09C5ACE73B38900C99DF0 /* ExpensesView.swift */,
				FB09C5ADE73B38900C99DF0 /* DeductionsView.swift */,
				FB09C5AEE73B38900C99DF0 /* ReportsView.swift */,
				FB09C5AFE73B38900C99DF0 /* Income.swift */,
				FB09C5B0E73B38900C99DF0 /* Expense.swift */,
				FB09C5B1E73B38900C99DF0 /* Deduction.swift */,
				FB09C5B2E73B38900C99DF0 /* ExpenseCategory.swift */,
				FB09C5B3E73B38900C99DF0 /* FinancialPeriod.swift */,
				FB09C5B4E73B38900C99DF0 /* TaxCalculation.swift */,
				FB09C5B5E73B38900C99DF0 /* DashboardViewModel.swift */,
				FB09C5B6E73B38900C99DF0 /* IncomeViewModel.swift */,
				FB09C5B7E73B38900C99DF0 /* ExpensesViewModel.swift */,
				FB09C5B8E73B38900C99DF0 /* DeductionsViewModel.swift */,
				FB09C5B9E73B38900C99DF0 /* ReportsViewModel.swift */,
				FB09C5BAE73B38900C99DF0 /* APIClient.swift */,
				FB09C5BCE73B38900C99DF0 /* DesignSystem.swift */,
				FB09C5BDE73B38900C99DF0 /* DateExtensions.swift */,
			);
			path = Appfinancierafuncional;
			sourceTree = "<group>";
		};
/* End PBXGroup section */

/* Begin PBXNativeTarget section */
		FB09C5A02E73B38700C99DF0 /* Appfinancierafuncional */ = {
			isa = PBXNativeTarget;
			buildConfigurationList = FB09C5B12E73B38800C99DF0 /* Build configuration list for PBXNativeTarget "Appfinancierafuncional" */;
			buildPhases = (
				FB09C59D2E73B38700C99DF0 /* Sources */,
				FB09C59E2E73B38700C99DF0 /* Frameworks */,
				FB09C59F2E73B38700C99DF0 /* Resources */,
			);
			buildRules = (
			);
			dependencies = (
			);
			name = Appfinancierafuncional;
			packageProductDependencies = (
			);
			productName = Appfinancierafuncional;
			productReference = FB09C5A12E73B38700C99DF0 /* Appfinancierafuncional.app */;
			productType = "com.apple.product-type.application";
		};
/* End PBXNativeTarget section */

/* Begin PBXProject section */
		FB09C5992E73B38700C99DF0 /* Project object */ = {
			isa = PBXProject;
			attributes = {
				BuildIndependentTargetsInParallel = 1;
				LastSwiftUpdateCheck = 1640;
				LastUpgradeCheck = 1640;
				TargetAttributes = {
					FB09C5A02E73B38700C99DF0 = {
						CreatedOnToolsVersion = 16.4;
					};
				};
			};
			buildConfigurationList = FB09C59C2E73B38700C99DF0 /* Build configuration list for PBXProject "Appfinancierafuncional" */;
			developmentRegion = en;
			hasScannedForEncodings = 0;
			knownRegions = (
				en,
				Base,
			);
			mainGroup = FB09C5982E73B38700C99DF0;
			minimizedProjectReferenceProxies = 1;
			preferredProjectObjectVersion = 77;
			productRefGroup = FB09C5A22E73B38700C99DF0 /* Products */;
			projectDirPath = "";
			projectRoot = "";
			targets = (
				FB09C5A02E73B38700C99DF0 /* Appfinancierafuncional */,
			);
		};
/* End PBXProject section */

/* Begin PBXResourcesBuildPhase section */
		FB09C59F2E73B38700C99DF0 /* Resources */ = {
			isa = PBXResourcesBuildPhase;
			buildActionMask = 2147483647;
			files = (
				FB09C5B42E73B38900C99DF0 /* Assets.xcassets in Resources */,
			);
			runOnlyForDeploymentPostprocessing = 0;
		};
/* End PBXResourcesBuildPhase section */

/* Begin PBXSourcesBuildPhase section */
		FB09C59D2E73B38700C99DF0 /* Sources */ = {
			isa = PBXSourcesBuildPhase;
			buildActionMask = 2147483647;
			files = (
				FB09C5B62E73B38900C99DF0 /* ContentView.swift in Sources */,
				FB09C5B72E73B38900C99DF0 /* AppfinancierafuncionalApp.swift in Sources */,
				FB09C5B82E73B38900C99DF0 /* Persistence.swift in Sources */,
				FB09C5BA2E73B38900C99DF0 /* DashboardView.swift in Sources */,
				FB09C5BB2E73B38900C99DF0 /* IncomeView.swift in Sources */,
				FB09C5BC2E73B38900C99DF0 /* ExpensesView.swift in Sources */,
				FB09C5BD2E73B38900C99DF0 /* DeductionsView.swift in Sources */,
				FB09C5BE2E73B38900C99DF0 /* ReportsView.swift in Sources */,
				FB09C5BF2E73B38900C99DF0 /* Income.swift in Sources */,
				FB09C5C02E73B38900C99DF0 /* Expense.swift in Sources */,
				FB09C5C12E73B38900C99DF0 /* Deduction.swift in Sources */,
				FB09C5C22E73B38900C99DF0 /* ExpenseCategory.swift in Sources */,
				FB09C5C32E73B38900C99DF0 /* FinancialPeriod.swift in Sources */,
				FB09C5C42E73B38900C99DF0 /* TaxCalculation.swift in Sources */,
				FB09C5C52E73B38900C99DF0 /* DashboardViewModel.swift in Sources */,
				FB09C5C62E73B38900C99DF0 /* IncomeViewModel.swift in Sources */,
				FB09C5C72E73B38900C99DF0 /* ExpensesViewModel.swift in Sources */,
				FB09C5C82E73B38900C99DF0 /* DeductionsViewModel.swift in Sources */,
				FB09C5C92E73B38900C99DF0 /* ReportsViewModel.swift in Sources */,
				FB09C5CA2E73B38900C99DF0 /* APIClient.swift in Sources */,
				FB09C5CC2E73B38900C99DF0 /* DesignSystem.swift in Sources */,
				FB09C5CD2E73B38900C99DF0 /* DateExtensions.swift in Sources */,
			);
			runOnlyForDeploymentPostprocessing = 0;
		};
/* End PBXSourcesBuildPhase section */

/* Begin XCBuildConfiguration section */
		FB09C5AF2E73B38800C99DF0 /* Debug */ = {
			isa = XCBuildConfiguration;
			buildSettings = {
				ALWAYS_SEARCH_USER_PATHS = NO;
				ASSETCATALOG_COMPILER_GENERATE_SWIFT_ASSET_SYMBOL_EXTENSIONS = YES;
				CLANG_ANALYZER_NONNULL = YES;
				CLANG_ANALYZER_NUMBER_OBJECT_CONVERSION = YES_AGGRESSIVE;
				CLANG_CXX_LANGUAGE_STANDARD = "gnu++20";
				CLANG_ENABLE_MODULES = YES;
				CLANG_ENABLE_OBJC_ARC = YES;
				CLANG_ENABLE_OBJC_WEAK = YES;
				CLANG_WARN_BLOCK_CAPTURE_AUTORELEASING = YES;
				CLANG_WARN_BOOL_CONVERSION = YES;
				CLANG_WARN_COMMA = YES;
				CLANG_WARN_CONSTANT_CONVERSION = YES;
				CLANG_WARN_DEPRECATED_OBJC_IMPLEMENTATIONS = YES;
				CLANG_WARN_DIRECT_OBJC_ISA_USAGE = YES_ERROR;
				CLANG_WARN_DOCUMENTATION_COMMENTS = YES;
				CLANG_WARN_EMPTY_BODY = YES;
				CLANG_WARN_ENUM_CONVERSION = YES;
				CLANG_WARN_INFINITE_RECURSION = YES;
				CLANG_WARN_INT_CONVERSION = YES;
				CLANG_WARN_NON_LITERAL_NULL_CONVERSION = YES;
				CLANG_WARN_OBJC_IMPLICIT_RETAIN_SELF = YES;
				CLANG_WARN_OBJC_LITERAL_CONVERSION = YES;
				CLANG_WARN_OBJC_ROOT_CLASS = YES_ERROR;
				CLANG_WARN_QUOTED_INCLUDE_IN_FRAMEWORK_HEADER = YES;
				CLANG_WARN_RANGE_LOOP_ANALYSIS = YES;
				CLANG_WARN_STRICT_PROTOTYPES = YES;
				CLANG_WARN_SUSPICIOUS_MOVE = YES;
				CLANG_WARN_UNGUARDED_AVAILABILITY = YES_AGGRESSIVE;
				CLANG_WARN_UNREACHABLE_CODE = YES;
				CLANG_WARN__DUPLICATE_METHOD_MATCH = YES;
				COPY_PHASE_STRIP = NO;
				DEBUG_INFORMATION_FORMAT = dwarf;
				ENABLE_STRICT_OBJC_MSGSEND = YES;
				ENABLE_TESTABILITY = YES;
				ENABLE_USER_SCRIPT_SANDBOXING = YES;
				GCC_C_LANGUAGE_STANDARD = gnu17;
				GCC_DYNAMIC_NO_PIC = NO;
				GCC_NO_COMMON_BLOCKS = YES;
				GCC_OPTIMIZATION_LEVEL = 0;
				GCC_PREPROCESSOR_DEFINITIONS = (
					"DEBUG=1",
					"$(inherited)",
				);
				GCC_WARN_64_TO_32_BIT_CONVERSION = YES;
				GCC_WARN_ABOUT_RETURN_TYPE = YES_ERROR;
				GCC_WARN_UNDECLARED_SELECTOR = YES;
				GCC_WARN_UNINITIALIZED_AUTOS = YES_AGGRESSIVE;
				GCC_WARN_UNUSED_FUNCTION = YES;
				GCC_WARN_UNUSED_VARIABLE = YES;
				IPHONEOS_DEPLOYMENT_TARGET = 18.5;
				LOCALIZATION_PREFERS_STRING_CATALOGS = YES;
				MTL_ENABLE_DEBUG_INFO = INCLUDE_SOURCE;
				MTL_FAST_MATH = YES;
				ONLY_ACTIVE_ARCH = YES;
				SDKROOT = iphoneos;
				SWIFT_ACTIVE_COMPILATION_CONDITIONS = "DEBUG $(inherited)";
				SWIFT_OPTIMIZATION_LEVEL = "-Onone";
			};
			name = Debug;
		};
		FB09C5B02E73B38800C99DF0 /* Release */ = {
			isa = XCBuildConfiguration;
			buildSettings = {
				ALWAYS_SEARCH_USER_PATHS = NO;
				ASSETCATALOG_COMPILER_GENERATE_SWIFT_ASSET_SYMBOL_EXTENSIONS = YES;
				CLANG_ANALYZER_NONNULL = YES;
				CLANG_ANALYZER_NUMBER_OBJECT_CONVERSION = YES_AGGRESSIVE;
				CLANG_CXX_LANGUAGE_STANDARD = "gnu++20";
				CLANG_ENABLE_MODULES = YES;
				CLANG_ENABLE_OBJC_ARC = YES;
				CLANG_ENABLE_OBJC_WEAK = YES;
				CLANG_WARN_BLOCK_CAPTURE_AUTORELEASING = YES;
				CLANG_WARN_BOOL_CONVERSION = YES;
				CLANG_WARN_COMMA = YES;
				CLANG_WARN_CONSTANT_CONVERSION = YES;
				CLANG_WARN_DEPRECATED_OBJC_IMPLEMENTATIONS = YES;
				CLANG_WARN_DIRECT_OBJC_ISA_USAGE = YES_ERROR;
				CLANG_WARN_DOCUMENTATION_COMMENTS = YES;
				CLANG_WARN_EMPTY_BODY = YES;
				CLANG_WARN_ENUM_CONVERSION = YES;
				CLANG_WARN_INFINITE_RECURSION = YES;
				CLANG_WARN_INT_CONVERSION = YES;
				CLANG_WARN_NON_LITERAL_NULL_CONVERSION = YES;
				CLANG_WARN_OBJC_IMPLICIT_RETAIN_SELF = YES;
				CLANG_WARN_OBJC_LITERAL_CONVERSION = YES;
				CLANG_WARN_OBJC_ROOT_CLASS = YES_ERROR;
				CLANG_WARN_QUOTED_INCLUDE_IN_FRAMEWORK_HEADER = YES;
				CLANG_WARN_RANGE_LOOP_ANALYSIS = YES;
				CLANG_WARN_STRICT_PROTOTYPES = YES;
				CLANG_WARN_SUSPICIOUS_MOVE = YES;
				CLANG_WARN_UNGUARDED_AVAILABILITY = YES_AGGRESSIVE;
				CLANG_WARN_UNREACHABLE_CODE = YES;
				CLANG_WARN__DUPLICATE_METHOD_MATCH = YES;
				COPY_PHASE_STRIP = NO;
				DEBUG_INFORMATION_FORMAT = "dwarf-with-dsym";
				ENABLE_NS_ASSERTIONS = NO;
				ENABLE_STRICT_OBJC_MSGSEND = YES;
				ENABLE_USER_SCRIPT_SANDBOXING = YES;
				GCC_C_LANGUAGE_STANDARD = gnu17;
				GCC_NO_COMMON_BLOCKS = YES;
				GCC_WARN_64_TO_32_BIT_CONVERSION = YES;
				GCC_WARN_ABOUT_RETURN_TYPE = YES_ERROR;
				GCC_WARN_UNDECLARED_SELECTOR = YES;
				GCC_WARN_UNINITIALIZED_AUTOS = YES_AGGRESSIVE;
				GCC_WARN_UNUSED_FUNCTION = YES;
				GCC_WARN_UNUSED_VARIABLE = YES;
				IPHONEOS_DEPLOYMENT_TARGET = 18.5;
				LOCALIZATION_PREFERS_STRING_CATALOGS = YES;
				MTL_ENABLE_DEBUG_INFO = NO;
				MTL_FAST_MATH = YES;
				SDKROOT = iphoneos;
				SWIFT_COMPILATION_MODE = wholemodule;
				VALIDATE_PRODUCT = YES;
			};
			name = Release;
		};
		FB09C5B22E73B38800C99DF0 /* Debug */ = {
			isa = XCBuildConfiguration;
			buildSettings = {
				ASSETCATALOG_COMPILER_APPICON_NAME = AppIcon;
				ASSETCATALOG_COMPILER_GLOBAL_ACCENT_COLOR_NAME = AccentColor;
				CODE_SIGN_STYLE = Automatic;
				CURRENT_PROJECT_VERSION = 1;
				ENABLE_PREVIEWS = YES;
				GENERATE_INFOPLIST_FILE = YES;
				INFOPLIST_KEY_UIApplicationSceneManifest_Generation = YES;
				INFOPLIST_KEY_UIApplicationSupportsIndirectInputEvents = YES;
				INFOPLIST_KEY_UILaunchScreen_Generation = YES;
				INFOPLIST_KEY_UISupportedInterfaceOrientations_iPad = "UIInterfaceOrientationPortrait UIInterfaceOrientationPortraitUpsideDown UIInterfaceOrientationLandscapeLeft UIInterfaceOrientationLandscapeRight";
				INFOPLIST_KEY_UISupportedInterfaceOrientations_iPhone = "UIInterfaceOrientationPortrait UIInterfaceOrientationLandscapeLeft UIInterfaceOrientationLandscapeRight";
				LD_RUNPATH_SEARCH_PATHS = (
					"$(inherited)",
					"@executable_path/Frameworks",
				);
				MARKETING_VERSION = 1.0;
				PRODUCT_BUNDLE_IDENTIFIER = tecmilenio.Appfinancierafuncional;
				PRODUCT_NAME = "$(TARGET_NAME)";
				SWIFT_EMIT_LOC_STRINGS = YES;
				SWIFT_VERSION = 5.0;
				TARGETED_DEVICE_FAMILY = "1,2";
			};
			name = Debug;
		};
		FB09C5B32E73B38800C99DF0 /* Release */ = {
			isa = XCBuildConfiguration;
			buildSettings = {
				ASSETCATALOG_COMPILER_APPICON_NAME = AppIcon;
				ASSETCATALOG_COMPILER_GLOBAL_ACCENT_COLOR_NAME = AccentColor;
				CODE_SIGN_STYLE = Automatic;
				CURRENT_PROJECT_VERSION = 1;
				ENABLE_PREVIEWS = YES;
				GENERATE_INFOPLIST_FILE = YES;
				INFOPLIST_KEY_UIApplicationSceneManifest_Generation = YES;
				INFOPLIST_KEY_UIApplicationSupportsIndirectInputEvents = YES;
				INFOPLIST_KEY_UILaunchScreen_Generation = YES;
				INFOPLIST_KEY_UISupportedInterfaceOrientations_iPad = "UIInterfaceOrientationPortrait UIInterfaceOrientationPortraitUpsideDown UIInterfaceOrientationLandscapeLeft UIInterfaceOrientationLandscapeRight";
				INFOPLIST_KEY_UISupportedInterfaceOrientations_iPhone = "UIInterfaceOrientationPortrait UIInterfaceOrientationLandscapeLeft UIInterfaceOrientationLandscapeRight";
				LD_RUNPATH_SEARCH_PATHS = (
					"$(inherited)",
					"@executable_path/Frameworks",
				);
				MARKETING_VERSION = 1.0;
				PRODUCT_BUNDLE_IDENTIFIER = tecmilenio.Appfinancierafuncional;
				PRODUCT_NAME = "$(TARGET_NAME)";
				SWIFT_EMIT_LOC_STRINGS = YES;
				SWIFT_VERSION = 5.0;
				TARGETED_DEVICE_FAMILY = "1,2";
			};
			name = Release;
		};
/* End XCBuildConfiguration section */

/* Begin XCConfigurationList section */
		FB09C59C2E73B38700C99DF0 /* Build configuration list for PBXProject "Appfinancierafuncional" */ = {
			isa = XCConfigurationList;
			buildConfigurations = (
				FB09C5AF2E73B38800C99DF0 /* Debug */,
				FB09C5B02E73B38800C99DF0 /* Release */,
			);
			defaultConfigurationIsVisible = 0;
			defaultConfigurationName = Release;
		};
		FB09C5B12E73B38800C99DF0 /* Build configuration list for PBXNativeTarget "Appfinancierafuncional" */ = {
			isa = XCConfigurationList;
			buildConfigurations = (
				FB09C5B22E73B38800C99DF0 /* Debug */,
				FB09C5B32E73B38800C99DF0 /* Release */,
			);
			defaultConfigurationIsVisible = 0;
			defaultConfigurationName = Release;
		};
/* End XCConfigurationList section */
	};
	rootObject = FB09C5992E73B38700C99DF0 /* Project object */;
}
